
Microsoft Visual Studio Solution File, Format Version 12.00
# Visual Studio Version 17
VisualStudioVersion = 17.0.31919.166
MinimumVisualStudioVersion = 10.0.40219.1
Project("{9A19103F-16F7-4668-BE54-9A1E7A4F7556}") = "AethersenseReduxReborn", "AethersenseReduxReborn\AethersenseReduxReborn.csproj", "{68261C7B-0FE2-43BC-A1DF-7B34BED43889}"
EndProject
Project("{FAE04EC0-301F-11D3-BF4B-00C04F79EFBC}") = "XIVChatTools", "XIVChatTools\XIVChatTypeEx\XIVChatTypeEx\XIVChatTools.csproj", "{3DC49B12-F534-4692-AAA7-1D4FE3EAAB8D}"
EndProject
Global
	GlobalSection(SolutionConfigurationPlatforms) = preSolution
		Debug|Any CPU = Debug|Any CPU
		Debug|x64 = Debug|x64
		Release|Any CPU = Release|Any CPU
		Release|x64 = Release|x64
	EndGlobalSection
	GlobalSection(ProjectConfigurationPlatforms) = postSolution
		{68261C7B-0FE2-43BC-A1DF-7B34BED43889}.Debug|Any CPU.ActiveCfg = Debug|x64
		{68261C7B-0FE2-43BC-A1DF-7B34BED43889}.Debug|Any CPU.Build.0 = Debug|x64
		{68261C7B-0FE2-43BC-A1DF-7B34BED43889}.Debug|x64.ActiveCfg = Debug|x64
		{68261C7B-0FE2-43BC-A1DF-7B34BED43889}.Debug|x64.Build.0 = Debug|x64
		{68261C7B-0FE2-43BC-A1DF-7B34BED43889}.Release|x64.ActiveCfg = Release|x64
		{68261C7B-0FE2-43BC-A1DF-7B34BED43889}.Release|x64.Build.0 = Release|x64
		{68261C7B-0FE2-43BC-A1DF-7B34BED43889}.Release|Any CPU.ActiveCfg = Release|Any CPU
		{68261C7B-0FE2-43BC-A1DF-7B34BED43889}.Release|Any CPU.Build.0 = Release|Any CPU
		{3DC49B12-F534-4692-AAA7-1D4FE3EAAB8D}.Debug|Any CPU.ActiveCfg = Debug|Any CPU
		{3DC49B12-F534-4692-AAA7-1D4FE3EAAB8D}.Debug|Any CPU.Build.0 = Debug|Any CPU
		{3DC49B12-F534-4692-AAA7-1D4FE3EAAB8D}.Debug|x64.ActiveCfg = Debug|Any CPU
		{3DC49B12-F534-4692-AAA7-1D4FE3EAAB8D}.Debug|x64.Build.0 = Debug|Any CPU
		{3DC49B12-F534-4692-AAA7-1D4FE3EAAB8D}.Release|Any CPU.ActiveCfg = Release|Any CPU
		{3DC49B12-F534-4692-AAA7-1D4FE3EAAB8D}.Release|Any CPU.Build.0 = Release|Any CPU
		{3DC49B12-F534-4692-AAA7-1D4FE3EAAB8D}.Release|x64.ActiveCfg = Release|Any CPU
		{3DC49B12-F534-4692-AAA7-1D4FE3EAAB8D}.Release|x64.Build.0 = Release|Any CPU
	EndGlobalSection
	GlobalSection(SolutionProperties) = preSolution
		HideSolutionNode = FALSE
	EndGlobalSection
	GlobalSection(ExtensibilityGlobals) = postSolution
		SolutionGuid = {85AF385D-932A-482D-B8FC-2C9B6967777B}
	EndGlobalSection
EndGlobal
